
Microsoft Visual Studio Solution File, Format Version 12.00
# Visual Studio Version 16
VisualStudioVersion = 16.0.29326.143
MinimumVisualStudioVersion = 10.0.40219.1
Project("{F184B08F-C81C-45F6-A57F-5ABD9991F28F}") = "ej4-ramon-monino", "ej4-ramon-monino.vbproj", "{41391F2F-5FED-4841-BC01-D6E29BC89B59}"
EndProject
Global
	GlobalSection(SolutionConfigurationPlatforms) = preSolution
		Debug|Any CPU = Debug|Any CPU
		Release|Any CPU = Release|Any CPU
	EndGlobalSection
	GlobalSection(ProjectConfigurationPlatforms) = postSolution
		{41391F2F-5FED-4841-BC01-D6E29BC89B59}.Debug|Any CPU.ActiveCfg = Debug|Any CPU
		{41391F2F-5FED-4841-BC01-D6E29BC89B59}.Debug|Any CPU.Build.0 = Debug|Any CPU
		{41391F2F-5FED-4841-BC01-D6E29BC89B59}.Release|Any CPU.ActiveCfg = Release|Any CPU
		{41391F2F-5FED-4841-BC01-D6E29BC89B59}.Release|Any CPU.Build.0 = Release|Any CPU
	EndGlobalSection
	GlobalSection(SolutionProperties) = preSolution
		HideSolutionNode = FALSE
	EndGlobalSection
	GlobalSection(ExtensibilityGlobals) = postSolution
		SolutionGuid = {5BAC0E36-E458-42E3-9B89-8B57C16B09DB}
	EndGlobalSection
EndGlobal
